
Microsoft Visual Studio Solution File, Format Version 12.00
# Visual Studio 15
VisualStudioVersion = 15.0.27703.2042
MinimumVisualStudioVersion = 10.0.40219.1
Project("{9A19103F-16F7-4668-BE54-9A1E7A4F7556}") = "JwtBearerAuthentication", "JwtBearerAuthentication.csproj", "{DA1CAB6B-A83A-49B9-9914-76732587A7EE}"
EndProject
Global
	GlobalSection(SolutionConfigurationPlatforms) = preSolution
		Debug|Any CPU = Debug|Any CPU
		Release|Any CPU = Release|Any CPU
	EndGlobalSection
	GlobalSection(ProjectConfigurationPlatforms) = postSolution
		{DA1CAB6B-A83A-49B9-9914-76732587A7EE}.Debug|Any CPU.ActiveCfg = Debug|Any CPU
		{DA1CAB6B-A83A-49B9-9914-76732587A7EE}.Debug|Any CPU.Build.0 = Debug|Any CPU
		{DA1CAB6B-A83A-49B9-9914-76732587A7EE}.Release|Any CPU.ActiveCfg = Release|Any CPU
		{DA1CAB6B-A83A-49B9-9914-76732587A7EE}.Release|Any CPU.Build.0 = Release|Any CPU
	EndGlobalSection
	GlobalSection(SolutionProperties) = preSolution
		HideSolutionNode = FALSE
	EndGlobalSection
	GlobalSection(ExtensibilityGlobals) = postSolution
		SolutionGuid = {D1C4B121-A1E0-4B2D-9861-7E56E59DCBDF}
	EndGlobalSection
EndGlobal
